// !$*UTF8*$!
{
	archiveVersion = 1;
	classes = {
	};
	objectVersion = 77;
	objects = {

/* Begin PBXBuildFile section */
		0B9DF6DC6FC90E560DE3852A /* Pods_Temptime_TemptimeUITests.framework in Frameworks */ = {isa = PBXBuildFile; fileRef = 84635394BD099861BB31EEFE /* Pods_Temptime_TemptimeUITests.framework */; };
		59F78DE611F61A4BACEE1B0C /* Pods_Temptime.framework in Frameworks */ = {isa = PBXBuildFile; fileRef = DDC413B0E85CCED6F6F60C79 /* Pods_Temptime.framework */; };
		820F905280632DC0FB271DA9 /* Pods_TemptimeTests.framework in Frameworks */ = {isa = PBXBuildFile; fileRef = ABBC6824810E1B70FC987817 /* Pods_TemptimeTests.framework */; };
		D07B3F352D5C27820015C7AA /* Temptime WatchApp Watch App.app in Embed Watch Content */ = {isa = PBXBuildFile; fileRef = D07B3F122D5C27810015C7AA /* Temptime WatchApp Watch App.app */; settings = {ATTRIBUTES = (RemoveHeadersOnCopy, ); }; };
/* End PBXBuildFile section */

/* Begin PBXContainerItemProxy section */
		D07B3F222D5C27820015C7AA /* PBXContainerItemProxy */ = {
			isa = PBXContainerItemProxy;
			containerPortal = D0CDB80B2D4CDC1600A65195 /* Project object */;
			proxyType = 1;
			remoteGlobalIDString = D07B3F112D5C27810015C7AA;
			remoteInfo = "Temptime WatchApp Watch App";
		};
		D07B3F2C2D5C27820015C7AA /* PBXContainerItemProxy */ = {
			isa = PBXContainerItemProxy;
			containerPortal = D0CDB80B2D4CDC1600A65195 /* Project object */;
			proxyType = 1;
			remoteGlobalIDString = D07B3F112D5C27810015C7AA;
			remoteInfo = "Temptime WatchApp Watch App";
		};
		D07B3F332D5C27820015C7AA /* PBXContainerItemProxy */ = {
			isa = PBXContainerItemProxy;
			containerPortal = D0CDB80B2D4CDC1600A65195 /* Project object */;
			proxyType = 1;
			remoteGlobalIDString = D07B3F112D5C27810015C7AA;
			remoteInfo = "Temptime WatchApp Watch App";
		};
		D0CDB82D2D4CDC1700A65195 /* PBXContainerItemProxy */ = {
			isa = PBXContainerItemProxy;
			containerPortal = D0CDB80B2D4CDC1600A65195 /* Project object */;
			proxyType = 1;
			remoteGlobalIDString = D0CDB8122D4CDC1600A65195;
			remoteInfo = Temptime;
		};
		D0CDB8372D4CDC1700A65195 /* PBXContainerItemProxy */ = {
			isa = PBXContainerItemProxy;
			containerPortal = D0CDB80B2D4CDC1600A65195 /* Project object */;
			proxyType = 1;
			remoteGlobalIDString = D0CDB8122D4CDC1600A65195;
			remoteInfo = Temptime;
		};
/* End PBXContainerItemProxy section */

/* Begin PBXCopyFilesBuildPhase section */
		D07B3F362D5C27820015C7AA /* Embed Watch Content */ = {
			isa = PBXCopyFilesBuildPhase;
			buildActionMask = 2147483647;
			dstPath = "$(CONTENTS_FOLDER_PATH)/Watch";
			dstSubfolderSpec = 16;
			files = (
				D07B3F352D5C27820015C7AA /* Temptime WatchApp Watch App.app in Embed Watch Content */,
			);
			name = "Embed Watch Content";
			runOnlyForDeploymentPostprocessing = 0;
		};
/* End PBXCopyFilesBuildPhase section */

/* Begin PBXFileReference section */
		34CCDCD63284E19D439AC604 /* Pods-TemptimeTests.debug.xcconfig */ = {isa = PBXFileReference; includeInIndex = 1; lastKnownFileType = text.xcconfig; name = "Pods-TemptimeTests.debug.xcconfig"; path = "Target Support Files/Pods-TemptimeTests/Pods-TemptimeTests.debug.xcconfig"; sourceTree = "<group>"; };
		687D5EAB08B3684DBCA7000C /* Pods-Temptime-TemptimeUITests.debug.xcconfig */ = {isa = PBXFileReference; includeInIndex = 1; lastKnownFileType = text.xcconfig; name = "Pods-Temptime-TemptimeUITests.debug.xcconfig"; path = "Target Support Files/Pods-Temptime-TemptimeUITests/Pods-Temptime-TemptimeUITests.debug.xcconfig"; sourceTree = "<group>"; };
		84635394BD099861BB31EEFE /* Pods_Temptime_TemptimeUITests.framework */ = {isa = PBXFileReference; explicitFileType = wrapper.framework; includeInIndex = 0; path = Pods_Temptime_TemptimeUITests.framework; sourceTree = BUILT_PRODUCTS_DIR; };
		AA351F2951B317C4D4BCB809 /* Pods-Temptime-TemptimeUITests.release.xcconfig */ = {isa = PBXFileReference; includeInIndex = 1; lastKnownFileType = text.xcconfig; name = "Pods-Temptime-TemptimeUITests.release.xcconfig"; path = "Target Support Files/Pods-Temptime-TemptimeUITests/Pods-Temptime-TemptimeUITests.release.xcconfig"; sourceTree = "<group>"; };
		ABBC6824810E1B70FC987817 /* Pods_TemptimeTests.framework */ = {isa = PBXFileReference; explicitFileType = wrapper.framework; includeInIndex = 0; path = Pods_TemptimeTests.framework; sourceTree = BUILT_PRODUCTS_DIR; };
		C70A5E13D01C33158573188A /* Pods-TemptimeTests.release.xcconfig */ = {isa = PBXFileReference; includeInIndex = 1; lastKnownFileType = text.xcconfig; name = "Pods-TemptimeTests.release.xcconfig"; path = "Target Support Files/Pods-TemptimeTests/Pods-TemptimeTests.release.xcconfig"; sourceTree = "<group>"; };
		D07B3F122D5C27810015C7AA /* Temptime WatchApp Watch App.app */ = {isa = PBXFileReference; explicitFileType = wrapper.application; includeInIndex = 0; path = "Temptime WatchApp Watch App.app"; sourceTree = BUILT_PRODUCTS_DIR; };
		D07B3F212D5C27820015C7AA /* Temptime WatchApp Watch AppTests.xctest */ = {isa = PBXFileReference; explicitFileType = wrapper.cfbundle; includeInIndex = 0; path = "Temptime WatchApp Watch AppTests.xctest"; sourceTree = BUILT_PRODUCTS_DIR; };
		D07B3F2B2D5C27820015C7AA /* Temptime WatchApp Watch AppUITests.xctest */ = {isa = PBXFileReference; explicitFileType = wrapper.cfbundle; includeInIndex = 0; path = "Temptime WatchApp Watch AppUITests.xctest"; sourceTree = BUILT_PRODUCTS_DIR; };
		D0CDB8132D4CDC1600A65195 /* Temptime.app */ = {isa = PBXFileReference; explicitFileType = wrapper.application; includeInIndex = 0; path = Temptime.app; sourceTree = BUILT_PRODUCTS_DIR; };
		D0CDB82C2D4CDC1700A65195 /* TemptimeTests.xctest */ = {isa = PBXFileReference; explicitFileType = wrapper.cfbundle; includeInIndex = 0; path = TemptimeTests.xctest; sourceTree = BUILT_PRODUCTS_DIR; };
		D0CDB8362D4CDC1700A65195 /* TemptimeUITests.xctest */ = {isa = PBXFileReference; explicitFileType = wrapper.cfbundle; includeInIndex = 0; path = TemptimeUITests.xctest; sourceTree = BUILT_PRODUCTS_DIR; };
		DDC413B0E85CCED6F6F60C79 /* Pods_Temptime.framework */ = {isa = PBXFileReference; explicitFileType = wrapper.framework; includeInIndex = 0; path = Pods_Temptime.framework; sourceTree = BUILT_PRODUCTS_DIR; };
		DE5305606981D8B68E991FFA /* Pods-Temptime.release.xcconfig */ = {isa = PBXFileReference; includeInIndex = 1; lastKnownFileType = text.xcconfig; name = "Pods-Temptime.release.xcconfig"; path = "Target Support Files/Pods-Temptime/Pods-Temptime.release.xcconfig"; sourceTree = "<group>"; };
		DE7788E0F0898E4F32532019 /* Pods-Temptime.debug.xcconfig */ = {isa = PBXFileReference; includeInIndex = 1; lastKnownFileType = text.xcconfig; name = "Pods-Temptime.debug.xcconfig"; path = "Target Support Files/Pods-Temptime/Pods-Temptime.debug.xcconfig"; sourceTree = "<group>"; };
/* End PBXFileReference section */

/* Begin PBXFileSystemSynchronizedBuildFileExceptionSet section */
		D0CDB83E2D4CDC1700A65195 /* Exceptions for "Temptime" folder in "Temptime" target */ = {
			isa = PBXFileSystemSynchronizedBuildFileExceptionSet;
			membershipExceptions = (
				Info.plist,
			);
			target = D0CDB8122D4CDC1600A65195 /* Temptime */;
		};
/* End PBXFileSystemSynchronizedBuildFileExceptionSet section */

/* Begin PBXFileSystemSynchronizedRootGroup section */
		D07B3F132D5C27810015C7AA /* Temptime WatchApp Watch App */ = {
			isa = PBXFileSystemSynchronizedRootGroup;
			path = "Temptime WatchApp Watch App";
			sourceTree = "<group>";
		};
		D07B3F242D5C27820015C7AA /* Temptime WatchApp Watch AppTests */ = {
			isa = PBXFileSystemSynchronizedRootGroup;
			path = "Temptime WatchApp Watch AppTests";
			sourceTree = "<group>";
		};
		D07B3F2E2D5C27820015C7AA /* Temptime WatchApp Watch AppUITests */ = {
			isa = PBXFileSystemSynchronizedRootGroup;
			path = "Temptime WatchApp Watch AppUITests";
			sourceTree = "<group>";
		};
		D0CDB8152D4CDC1600A65195 /* Temptime */ = {
			isa = PBXFileSystemSynchronizedRootGroup;
			exceptions = (
				D0CDB83E2D4CDC1700A65195 /* Exceptions for "Temptime" folder in "Temptime" target */,
			);
			path = Temptime;
			sourceTree = "<group>";
		};
		D0CDB82F2D4CDC1700A65195 /* TemptimeTests */ = {
			isa = PBXFileSystemSynchronizedRootGroup;
			path = TemptimeTests;
			sourceTree = "<group>";
		};
		D0CDB8392D4CDC1700A65195 /* TemptimeUITests */ = {
			isa = PBXFileSystemSynchronizedRootGroup;
			path = TemptimeUITests;
			sourceTree = "<group>";
		};
/* End PBXFileSystemSynchronizedRootGroup section */

/* Begin PBXFrameworksBuildPhase section */
		D07B3F0F2D5C27810015C7AA /* Frameworks */ = {
			isa = PBXFrameworksBuildPhase;
			buildActionMask = 2147483647;
			files = (
			);
			runOnlyForDeploymentPostprocessing = 0;
		};
		D07B3F1E2D5C27820015C7AA /* Frameworks */ = {
			isa = PBXFrameworksBuildPhase;
			buildActionMask = 2147483647;
			files = (
			);
			runOnlyForDeploymentPostprocessing = 0;
		};
		D07B3F282D5C27820015C7AA /* Frameworks */ = {
			isa = PBXFrameworksBuildPhase;
			buildActionMask = 2147483647;
			files = (
			);
			runOnlyForDeploymentPostprocessing = 0;
		};
		D0CDB8102D4CDC1600A65195 /* Frameworks */ = {
			isa = PBXFrameworksBuildPhase;
			buildActionMask = 2147483647;
			files = (
				59F78DE611F61A4BACEE1B0C /* Pods_Temptime.framework in Frameworks */,
			);
			runOnlyForDeploymentPostprocessing = 0;
		};
		D0CDB8292D4CDC1700A65195 /* Frameworks */ = {
			isa = PBXFrameworksBuildPhase;
			buildActionMask = 2147483647;
			files = (
				820F905280632DC0FB271DA9 /* Pods_TemptimeTests.framework in Frameworks */,
			);
			runOnlyForDeploymentPostprocessing = 0;
		};
		D0CDB8332D4CDC1700A65195 /* Frameworks */ = {
			isa = PBXFrameworksBuildPhase;
			buildActionMask = 2147483647;
			files = (
				0B9DF6DC6FC90E560DE3852A /* Pods_Temptime_TemptimeUITests.framework in Frameworks */,
			);
			runOnlyForDeploymentPostprocessing = 0;
		};
/* End PBXFrameworksBuildPhase section */

/* Begin PBXGroup section */
		22BB60A6C29E15516649D667 /* Frameworks */ = {
			isa = PBXGroup;
			children = (
				DDC413B0E85CCED6F6F60C79 /* Pods_Temptime.framework */,
				84635394BD099861BB31EEFE /* Pods_Temptime_TemptimeUITests.framework */,
				ABBC6824810E1B70FC987817 /* Pods_TemptimeTests.framework */,
			);
			name = Frameworks;
			sourceTree = "<group>";
		};
		32F79B48EB86DCBC161DCA9E /* Pods */ = {
			isa = PBXGroup;
			children = (
				DE7788E0F0898E4F32532019 /* Pods-Temptime.debug.xcconfig */,
				DE5305606981D8B68E991FFA /* Pods-Temptime.release.xcconfig */,
				687D5EAB08B3684DBCA7000C /* Pods-Temptime-TemptimeUITests.debug.xcconfig */,
				AA351F2951B317C4D4BCB809 /* Pods-Temptime-TemptimeUITests.release.xcconfig */,
				34CCDCD63284E19D439AC604 /* Pods-TemptimeTests.debug.xcconfig */,
				C70A5E13D01C33158573188A /* Pods-TemptimeTests.release.xcconfig */,
			);
			path = Pods;
			sourceTree = "<group>";
		};
		D0CDB80A2D4CDC1600A65195 = {
			isa = PBXGroup;
			children = (
				D0CDB8152D4CDC1600A65195 /* Temptime */,
				D0CDB82F2D4CDC1700A65195 /* TemptimeTests */,
				D0CDB8392D4CDC1700A65195 /* TemptimeUITests */,
				D07B3F132D5C27810015C7AA /* Temptime WatchApp Watch App */,
				D07B3F242D5C27820015C7AA /* Temptime WatchApp Watch AppTests */,
				D07B3F2E2D5C27820015C7AA /* Temptime WatchApp Watch AppUITests */,
				D0CDB8142D4CDC1600A65195 /* Products */,
				32F79B48EB86DCBC161DCA9E /* Pods */,
				22BB60A6C29E15516649D667 /* Frameworks */,
			);
			sourceTree = "<group>";
		};
		D0CDB8142D4CDC1600A65195 /* Products */ = {
			isa = PBXGroup;
			children = (
				D0CDB8132D4CDC1600A65195 /* Temptime.app */,
				D0CDB82C2D4CDC1700A65195 /* TemptimeTests.xctest */,
				D0CDB8362D4CDC1700A65195 /* TemptimeUITests.xctest */,
				D07B3F122D5C27810015C7AA /* Temptime WatchApp Watch App.app */,
				D07B3F212D5C27820015C7AA /* Temptime WatchApp Watch AppTests.xctest */,
				D07B3F2B2D5C27820015C7AA /* Temptime WatchApp Watch AppUITests.xctest */,
			);
			name = Products;
			sourceTree = "<group>";
		};
/* End PBXGroup section */

/* Begin PBXNativeTarget section */
		D07B3F112D5C27810015C7AA /* Temptime WatchApp Watch App */ = {
			isa = PBXNativeTarget;
			buildConfigurationList = D07B3F3D2D5C27820015C7AA /* Build configuration list for PBXNativeTarget "Temptime WatchApp Watch App" */;
			buildPhases = (
				D07B3F0E2D5C27810015C7AA /* Sources */,
				D07B3F0F2D5C27810015C7AA /* Frameworks */,
				D07B3F102D5C27810015C7AA /* Resources */,
			);
			buildRules = (
			);
			dependencies = (
			);
			fileSystemSynchronizedGroups = (
				D07B3F132D5C27810015C7AA /* Temptime WatchApp Watch App */,
			);
			name = "Temptime WatchApp Watch App";
			packageProductDependencies = (
			);
			productName = "Temptime WatchApp Watch App";
			productReference = D07B3F122D5C27810015C7AA /* Temptime WatchApp Watch App.app */;
			productType = "com.apple.product-type.application";
		};
		D07B3F202D5C27820015C7AA /* Temptime WatchApp Watch AppTests */ = {
			isa = PBXNativeTarget;
			buildConfigurationList = D07B3F3E2D5C27820015C7AA /* Build configuration list for PBXNativeTarget "Temptime WatchApp Watch AppTests" */;
			buildPhases = (
				D07B3F1D2D5C27820015C7AA /* Sources */,
				D07B3F1E2D5C27820015C7AA /* Frameworks */,
				D07B3F1F2D5C27820015C7AA /* Resources */,
			);
			buildRules = (
			);
			dependencies = (
				D07B3F232D5C27820015C7AA /* PBXTargetDependency */,
			);
			fileSystemSynchronizedGroups = (
				D07B3F242D5C27820015C7AA /* Temptime WatchApp Watch AppTests */,
			);
			name = "Temptime WatchApp Watch AppTests";
			packageProductDependencies = (
			);
			productName = "Temptime WatchApp Watch AppTests";
			productReference = D07B3F212D5C27820015C7AA /* Temptime WatchApp Watch AppTests.xctest */;
			productType = "com.apple.product-type.bundle.unit-test";
		};
		D07B3F2A2D5C27820015C7AA /* Temptime WatchApp Watch AppUITests */ = {
			isa = PBXNativeTarget;
			buildConfigurationList = D07B3F3F2D5C27820015C7AA /* Build configuration list for PBXNativeTarget "Temptime WatchApp Watch AppUITests" */;
			buildPhases = (
				D07B3F272D5C27820015C7AA /* Sources */,
				D07B3F282D5C27820015C7AA /* Frameworks */,
				D07B3F292D5C27820015C7AA /* Resources */,
			);
			buildRules = (
			);
			dependencies = (
				D07B3F2D2D5C27820015C7AA /* PBXTargetDependency */,
			);
			fileSystemSynchronizedGroups = (
				D07B3F2E2D5C27820015C7AA /* Temptime WatchApp Watch AppUITests */,
			);
			name = "Temptime WatchApp Watch AppUITests";
			packageProductDependencies = (
			);
			productName = "Temptime WatchApp Watch AppUITests";
			productReference = D07B3F2B2D5C27820015C7AA /* Temptime WatchApp Watch AppUITests.xctest */;
			productType = "com.apple.product-type.bundle.ui-testing";
		};
		D0CDB8122D4CDC1600A65195 /* Temptime */ = {
			isa = PBXNativeTarget;
			buildConfigurationList = D0CDB83F2D4CDC1700A65195 /* Build configuration list for PBXNativeTarget "Temptime" */;
			buildPhases = (
				13D37C56BEE3570A20622B60 /* [CP] Check Pods Manifest.lock */,
				D0CDB80F2D4CDC1600A65195 /* Sources */,
				D0CDB8102D4CDC1600A65195 /* Frameworks */,
				D0CDB8112D4CDC1600A65195 /* Resources */,
				FE217D3040D596CAC6CCFCA0 /* [CP] Embed Pods Frameworks */,
				D07B3F362D5C27820015C7AA /* Embed Watch Content */,
			);
			buildRules = (
			);
			dependencies = (
				D07B3F342D5C27820015C7AA /* PBXTargetDependency */,
			);
			fileSystemSynchronizedGroups = (
				D0CDB8152D4CDC1600A65195 /* Temptime */,
			);
			name = Temptime;
			productName = Temptime;
			productReference = D0CDB8132D4CDC1600A65195 /* Temptime.app */;
			productType = "com.apple.product-type.application";
		};
		D0CDB82B2D4CDC1700A65195 /* TemptimeTests */ = {
			isa = PBXNativeTarget;
			buildConfigurationList = D0CDB8442D4CDC1700A65195 /* Build configuration list for PBXNativeTarget "TemptimeTests" */;
			buildPhases = (
				BCFDA41A56622E7CD6DABEE2 /* [CP] Check Pods Manifest.lock */,
				D0CDB8282D4CDC1700A65195 /* Sources */,
				D0CDB8292D4CDC1700A65195 /* Frameworks */,
				D0CDB82A2D4CDC1700A65195 /* Resources */,
			);
			buildRules = (
			);
			dependencies = (
				D0CDB82E2D4CDC1700A65195 /* PBXTargetDependency */,
			);
			fileSystemSynchronizedGroups = (
				D0CDB82F2D4CDC1700A65195 /* TemptimeTests */,
			);
			name = TemptimeTests;
			productName = TemptimeTests;
			productReference = D0CDB82C2D4CDC1700A65195 /* TemptimeTests.xctest */;
			productType = "com.apple.product-type.bundle.unit-test";
		};
		D0CDB8352D4CDC1700A65195 /* TemptimeUITests */ = {
			isa = PBXNativeTarget;
			buildConfigurationList = D0CDB8472D4CDC1700A65195 /* Build configuration list for PBXNativeTarget "TemptimeUITests" */;
			buildPhases = (
				775448DB9ACE84698851E7E5 /* [CP] Check Pods Manifest.lock */,
				D0CDB8322D4CDC1700A65195 /* Sources */,
				D0CDB8332D4CDC1700A65195 /* Frameworks */,
				D0CDB8342D4CDC1700A65195 /* Resources */,
				4A2C8274FB8959A36AA349FB /* [CP] Embed Pods Frameworks */,
			);
			buildRules = (
			);
			dependencies = (
				D0CDB8382D4CDC1700A65195 /* PBXTargetDependency */,
			);
			fileSystemSynchronizedGroups = (
				D0CDB8392D4CDC1700A65195 /* TemptimeUITests */,
			);
			name = TemptimeUITests;
			productName = TemptimeUITests;
			productReference = D0CDB8362D4CDC1700A65195 /* TemptimeUITests.xctest */;
			productType = "com.apple.product-type.bundle.ui-testing";
		};
/* End PBXNativeTarget section */

/* Begin PBXProject section */
		D0CDB80B2D4CDC1600A65195 /* Project object */ = {
			isa = PBXProject;
			attributes = {
				BuildIndependentTargetsInParallel = 1;
				LastSwiftUpdateCheck = 1620;
				LastUpgradeCheck = 1620;
				TargetAttributes = {
					D07B3F112D5C27810015C7AA = {
						CreatedOnToolsVersion = 16.2;
					};
					D07B3F202D5C27820015C7AA = {
						CreatedOnToolsVersion = 16.2;
						TestTargetID = D07B3F112D5C27810015C7AA;
					};
					D07B3F2A2D5C27820015C7AA = {
						CreatedOnToolsVersion = 16.2;
						TestTargetID = D07B3F112D5C27810015C7AA;
					};
					D0CDB8122D4CDC1600A65195 = {
						CreatedOnToolsVersion = 16.2;
					};
					D0CDB82B2D4CDC1700A65195 = {
						CreatedOnToolsVersion = 16.2;
						TestTargetID = D0CDB8122D4CDC1600A65195;
					};
					D0CDB8352D4CDC1700A65195 = {
						CreatedOnToolsVersion = 16.2;
						TestTargetID = D0CDB8122D4CDC1600A65195;
					};
				};
			};
			buildConfigurationList = D0CDB80E2D4CDC1600A65195 /* Build configuration list for PBXProject "Temptime" */;
			developmentRegion = en;
			hasScannedForEncodings = 0;
			knownRegions = (
				en,
				Base,
			);
			mainGroup = D0CDB80A2D4CDC1600A65195;
			minimizedProjectReferenceProxies = 1;
			preferredProjectObjectVersion = 77;
			productRefGroup = D0CDB8142D4CDC1600A65195 /* Products */;
			projectDirPath = "";
			projectRoot = "";
			targets = (
				D0CDB8122D4CDC1600A65195 /* Temptime */,
				D0CDB82B2D4CDC1700A65195 /* TemptimeTests */,
				D0CDB8352D4CDC1700A65195 /* TemptimeUITests */,
				D07B3F112D5C27810015C7AA /* Temptime WatchApp Watch App */,
				D07B3F202D5C27820015C7AA /* Temptime WatchApp Watch AppTests */,
				D07B3F2A2D5C27820015C7AA /* Temptime WatchApp Watch AppUITests */,
			);
		};
/* End PBXProject section */

/* Begin PBXResourcesBuildPhase section */
		D07B3F102D5C27810015C7AA /* Resources */ = {
			isa = PBXResourcesBuildPhase;
			buildActionMask = 2147483647;
			files = (
			);
			runOnlyForDeploymentPostprocessing = 0;
		};
		D07B3F1F2D5C27820015C7AA /* Resources */ = {
			isa = PBXResourcesBuildPhase;
			buildActionMask = 2147483647;
			files = (
			);
			runOnlyForDeploymentPostprocessing = 0;
		};
		D07B3F292D5C27820015C7AA /* Resources */ = {
			isa = PBXResourcesBuildPhase;
			buildActionMask = 2147483647;
			files = (
			);
			runOnlyForDeploymentPostprocessing = 0;
		};
		D0CDB8112D4CDC1600A65195 /* Resources */ = {
			isa = PBXResourcesBuildPhase;
			buildActionMask = 2147483647;
			files = (
			);
			runOnlyForDeploymentPostprocessing = 0;
		};
		D0CDB82A2D4CDC1700A65195 /* Resources */ = {
			isa = PBXResourcesBuildPhase;
			buildActionMask = 2147483647;
			files = (
			);
			runOnlyForDeploymentPostprocessing = 0;
		};
		D0CDB8342D4CDC1700A65195 /* Resources */ = {
			isa = PBXResourcesBuildPhase;
			buildActionMask = 2147483647;
			files = (
			);
			runOnlyForDeploymentPostprocessing = 0;
		};
/* End PBXResourcesBuildPhase section */

/* Begin PBXShellScriptBuildPhase section */
		13D37C56BEE3570A20622B60 /* [CP] Check Pods Manifest.lock */ = {
			isa = PBXShellScriptBuildPhase;
			buildActionMask = 2147483647;
			files = (
			);
			inputFileListPaths = (
			);
			inputPaths = (
				"${PODS_PODFILE_DIR_PATH}/Podfile.lock",
				"${PODS_ROOT}/Manifest.lock",
			);
			name = "[CP] Check Pods Manifest.lock";
			outputFileListPaths = (
			);
			outputPaths = (
				"$(DERIVED_FILE_DIR)/Pods-Temptime-checkManifestLockResult.txt",
			);
			runOnlyForDeploymentPostprocessing = 0;
			shellPath = /bin/sh;
			shellScript = "diff \"${PODS_PODFILE_DIR_PATH}/Podfile.lock\" \"${PODS_ROOT}/Manifest.lock\" > /dev/null\nif [ $? != 0 ] ; then\n    # print error to STDERR\n    echo \"error: The sandbox is not in sync with the Podfile.lock. Run 'pod install' or update your CocoaPods installation.\" >&2\n    exit 1\nfi\n# This output is used by Xcode 'outputs' to avoid re-running this script phase.\necho \"SUCCESS\" > \"${SCRIPT_OUTPUT_FILE_0}\"\n";
			showEnvVarsInLog = 0;
		};
		4A2C8274FB8959A36AA349FB /* [CP] Embed Pods Frameworks */ = {
			isa = PBXShellScriptBuildPhase;
			buildActionMask = 2147483647;
			files = (
			);
			inputFileListPaths = (
				"${PODS_ROOT}/Target Support Files/Pods-Temptime-TemptimeUITests/Pods-Temptime-TemptimeUITests-frameworks-${CONFIGURATION}-input-files.xcfilelist",
			);
			name = "[CP] Embed Pods Frameworks";
			outputFileListPaths = (
				"${PODS_ROOT}/Target Support Files/Pods-Temptime-TemptimeUITests/Pods-Temptime-TemptimeUITests-frameworks-${CONFIGURATION}-output-files.xcfilelist",
			);
			runOnlyForDeploymentPostprocessing = 0;
			shellPath = /bin/sh;
			shellScript = "\"${PODS_ROOT}/Target Support Files/Pods-Temptime-TemptimeUITests/Pods-Temptime-TemptimeUITests-frameworks.sh\"\n";
			showEnvVarsInLog = 0;
		};
		775448DB9ACE84698851E7E5 /* [CP] Check Pods Manifest.lock */ = {
			isa = PBXShellScriptBuildPhase;
			buildActionMask = 2147483647;
			files = (
			);
			inputFileListPaths = (
			);
			inputPaths = (
				"${PODS_PODFILE_DIR_PATH}/Podfile.lock",
				"${PODS_ROOT}/Manifest.lock",
			);
			name = "[CP] Check Pods Manifest.lock";
			outputFileListPaths = (
			);
			outputPaths = (
				"$(DERIVED_FILE_DIR)/Pods-Temptime-TemptimeUITests-checkManifestLockResult.txt",
			);
			runOnlyForDeploymentPostprocessing = 0;
			shellPath = /bin/sh;
			shellScript = "diff \"${PODS_PODFILE_DIR_PATH}/Podfile.lock\" \"${PODS_ROOT}/Manifest.lock\" > /dev/null\nif [ $? != 0 ] ; then\n    # print error to STDERR\n    echo \"error: The sandbox is not in sync with the Podfile.lock. Run 'pod install' or update your CocoaPods installation.\" >&2\n    exit 1\nfi\n# This output is used by Xcode 'outputs' to avoid re-running this script phase.\necho \"SUCCESS\" > \"${SCRIPT_OUTPUT_FILE_0}\"\n";
			showEnvVarsInLog = 0;
		};
		BCFDA41A56622E7CD6DABEE2 /* [CP] Check Pods Manifest.lock */ = {
			isa = PBXShellScriptBuildPhase;
			buildActionMask = 2147483647;
			files = (
			);
			inputFileListPaths = (
			);
			inputPaths = (
				"${PODS_PODFILE_DIR_PATH}/Podfile.lock",
				"${PODS_ROOT}/Manifest.lock",
			);
			name = "[CP] Check Pods Manifest.lock";
			outputFileListPaths = (
			);
			outputPaths = (
				"$(DERIVED_FILE_DIR)/Pods-TemptimeTests-checkManifestLockResult.txt",
			);
			runOnlyForDeploymentPostprocessing = 0;
			shellPath = /bin/sh;
			shellScript = "diff \"${PODS_PODFILE_DIR_PATH}/Podfile.lock\" \"${PODS_ROOT}/Manifest.lock\" > /dev/null\nif [ $? != 0 ] ; then\n    # print error to STDERR\n    echo \"error: The sandbox is not in sync with the Podfile.lock. Run 'pod install' or update your CocoaPods installation.\" >&2\n    exit 1\nfi\n# This output is used by Xcode 'outputs' to avoid re-running this script phase.\necho \"SUCCESS\" > \"${SCRIPT_OUTPUT_FILE_0}\"\n";
			showEnvVarsInLog = 0;
		};
		FE217D3040D596CAC6CCFCA0 /* [CP] Embed Pods Frameworks */ = {
			isa = PBXShellScriptBuildPhase;
			buildActionMask = 2147483647;
			files = (
			);
			inputFileListPaths = (
				"${PODS_ROOT}/Target Support Files/Pods-Temptime/Pods-Temptime-frameworks-${CONFIGURATION}-input-files.xcfilelist",
			);
			name = "[CP] Embed Pods Frameworks";
			outputFileListPaths = (
				"${PODS_ROOT}/Target Support Files/Pods-Temptime/Pods-Temptime-frameworks-${CONFIGURATION}-output-files.xcfilelist",
			);
			runOnlyForDeploymentPostprocessing = 0;
			shellPath = /bin/sh;
			shellScript = "\"${PODS_ROOT}/Target Support Files/Pods-Temptime/Pods-Temptime-frameworks.sh\"\n";
			showEnvVarsInLog = 0;
		};
/* End PBXShellScriptBuildPhase section */

/* Begin PBXSourcesBuildPhase section */
		D07B3F0E2D5C27810015C7AA /* Sources */ = {
			isa = PBXSourcesBuildPhase;
			buildActionMask = 2147483647;
			files = (
			);
			runOnlyForDeploymentPostprocessing = 0;
		};
		D07B3F1D2D5C27820015C7AA /* Sources */ = {
			isa = PBXSourcesBuildPhase;
			buildActionMask = 2147483647;
			files = (
			);
			runOnlyForDeploymentPostprocessing = 0;
		};
		D07B3F272D5C27820015C7AA /* Sources */ = {
			isa = PBXSourcesBuildPhase;
			buildActionMask = 2147483647;
			files = (
			);
			runOnlyForDeploymentPostprocessing = 0;
		};
		D0CDB80F2D4CDC1600A65195 /* Sources */ = {
			isa = PBXSourcesBuildPhase;
			buildActionMask = 2147483647;
			files = (
			);
			runOnlyForDeploymentPostprocessing = 0;
		};
		D0CDB8282D4CDC1700A65195 /* Sources */ = {
			isa = PBXSourcesBuildPhase;
			buildActionMask = 2147483647;
			files = (
			);
			runOnlyForDeploymentPostprocessing = 0;
		};
		D0CDB8322D4CDC1700A65195 /* Sources */ = {
			isa = PBXSourcesBuildPhase;
			buildActionMask = 2147483647;
			files = (
			);
			runOnlyForDeploymentPostprocessing = 0;
		};
/* End PBXSourcesBuildPhase section */

/* Begin PBXTargetDependency section */
		D07B3F232D5C27820015C7AA /* PBXTargetDependency */ = {
			isa = PBXTargetDependency;
			target = D07B3F112D5C27810015C7AA /* Temptime WatchApp Watch App */;
			targetProxy = D07B3F222D5C27820015C7AA /* PBXContainerItemProxy */;
		};
		D07B3F2D2D5C27820015C7AA /* PBXTargetDependency */ = {
			isa = PBXTargetDependency;
			target = D07B3F112D5C27810015C7AA /* Temptime WatchApp Watch App */;
			targetProxy = D07B3F2C2D5C27820015C7AA /* PBXContainerItemProxy */;
		};
		D07B3F342D5C27820015C7AA /* PBXTargetDependency */ = {
			isa = PBXTargetDependency;
			target = D07B3F112D5C27810015C7AA /* Temptime WatchApp Watch App */;
			targetProxy = D07B3F332D5C27820015C7AA /* PBXContainerItemProxy */;
		};
		D0CDB82E2D4CDC1700A65195 /* PBXTargetDependency */ = {
			isa = PBXTargetDependency;
			target = D0CDB8122D4CDC1600A65195 /* Temptime */;
			targetProxy = D0CDB82D2D4CDC1700A65195 /* PBXContainerItemProxy */;
		};
		D0CDB8382D4CDC1700A65195 /* PBXTargetDependency */ = {
			isa = PBXTargetDependency;
			target = D0CDB8122D4CDC1600A65195 /* Temptime */;
			targetProxy = D0CDB8372D4CDC1700A65195 /* PBXContainerItemProxy */;
		};
/* End PBXTargetDependency section */

/* Begin XCBuildConfiguration section */
		D07B3F372D5C27820015C7AA /* Debug */ = {
			isa = XCBuildConfiguration;
			buildSettings = {
				ASSETCATALOG_COMPILER_APPICON_NAME = AppIcon;
				ASSETCATALOG_COMPILER_GLOBAL_ACCENT_COLOR_NAME = AccentColor;
				CODE_SIGN_ENTITLEMENTS = "Temptime WatchApp Watch App/Temptime WatchApp Watch App.entitlements";
				CODE_SIGN_STYLE = Automatic;
				CURRENT_PROJECT_VERSION = 1;
				DEVELOPMENT_ASSET_PATHS = "\"Temptime WatchApp Watch App/Preview Content\"";
				DEVELOPMENT_TEAM = 5YGLWU7828;
				ENABLE_PREVIEWS = YES;
				GENERATE_INFOPLIST_FILE = YES;
				INFOPLIST_KEY_CFBundleDisplayName = "Temptime WatchApp";
				INFOPLIST_KEY_NSHealthShareUsageDescription = "我們需要存取您的心率和血氧資訊，以顯示即時健康狀態";
				INFOPLIST_KEY_NSHealthUpdateUsageDescription = "我們需要將相關資訊寫入健康資料，以便您更好地追蹤身體狀態";
				INFOPLIST_KEY_UISupportedInterfaceOrientations = "UIInterfaceOrientationPortrait UIInterfaceOrientationPortraitUpsideDown";
				INFOPLIST_KEY_WKCompanionAppBundleIdentifier = steven.studio.Temptime;
				INFOPLIST_KEY_WKWatchOnly = YES;
				LD_RUNPATH_SEARCH_PATHS = (
					"$(inherited)",
					"@executable_path/Frameworks",
				);
				MARKETING_VERSION = 1.0;
				PRODUCT_BUNDLE_IDENTIFIER = steven.studio.Temptime.watchkitapp;
				PRODUCT_NAME = "$(TARGET_NAME)";
				SDKROOT = watchos;
				SKIP_INSTALL = YES;
				SWIFT_EMIT_LOC_STRINGS = YES;
				SWIFT_VERSION = 5.0;
				TARGETED_DEVICE_FAMILY = 4;
				WATCHOS_DEPLOYMENT_TARGET = 8.7;
			};
			name = Debug;
		};
		D07B3F382D5C27820015C7AA /* Release */ = {
			isa = XCBuildConfiguration;
			buildSettings = {
				ASSETCATALOG_COMPILER_APPICON_NAME = AppIcon;
				ASSETCATALOG_COMPILER_GLOBAL_ACCENT_COLOR_NAME = AccentColor;
				CODE_SIGN_ENTITLEMENTS = "Temptime WatchApp Watch App/Temptime WatchApp Watch App.entitlements";
				CODE_SIGN_STYLE = Automatic;
				CURRENT_PROJECT_VERSION = 1;
				DEVELOPMENT_ASSET_PATHS = "\"Temptime WatchApp Watch App/Preview Content\"";
				DEVELOPMENT_TEAM = 5YGLWU7828;
				ENABLE_PREVIEWS = YES;
				GENERATE_INFOPLIST_FILE = YES;
				INFOPLIST_KEY_CFBundleDisplayName = "Temptime WatchApp";
				INFOPLIST_KEY_NSHealthShareUsageDescription = "我們需要存取您的心率和血氧資訊，以顯示即時健康狀態";
				INFOPLIST_KEY_NSHealthUpdateUsageDescription = "我們需要將相關資訊寫入健康資料，以便您更好地追蹤身體狀態";
				INFOPLIST_KEY_UISupportedInterfaceOrientations = "UIInterfaceOrientationPortrait UIInterfaceOrientationPortraitUpsideDown";
				INFOPLIST_KEY_WKCompanionAppBundleIdentifier = steven.studio.Temptime;
				INFOPLIST_KEY_WKWatchOnly = YES;
				LD_RUNPATH_SEARCH_PATHS = (
					"$(inherited)",
					"@executable_path/Frameworks",
				);
				MARKETING_VERSION = 1.0;
				PRODUCT_BUNDLE_IDENTIFIER = steven.studio.Temptime.watchkitapp;
				PRODUCT_NAME = "$(TARGET_NAME)";
				SDKROOT = watchos;
				SKIP_INSTALL = YES;
				SWIFT_EMIT_LOC_STRINGS = YES;
				SWIFT_VERSION = 5.0;
				TARGETED_DEVICE_FAMILY = 4;
				WATCHOS_DEPLOYMENT_TARGET = 8.7;
			};
			name = Release;
		};
		D07B3F392D5C27820015C7AA /* Debug */ = {
			isa = XCBuildConfiguration;
			buildSettings = {
				BUNDLE_LOADER = "$(TEST_HOST)";
				CODE_SIGN_STYLE = Automatic;
				CURRENT_PROJECT_VERSION = 1;
				DEVELOPMENT_TEAM = 5YGLWU7828;
				GENERATE_INFOPLIST_FILE = YES;
				MARKETING_VERSION = 1.0;
				PRODUCT_BUNDLE_IDENTIFIER = "steven.studio.Temptime-WatchApp-Watch-AppTests";
				PRODUCT_NAME = "$(TARGET_NAME)";
				SDKROOT = watchos;
				SWIFT_EMIT_LOC_STRINGS = NO;
				SWIFT_VERSION = 5.0;
				TARGETED_DEVICE_FAMILY = 4;
				TEST_HOST = "$(BUILT_PRODUCTS_DIR)/Temptime WatchApp Watch App.app/$(BUNDLE_EXECUTABLE_FOLDER_PATH)/Temptime WatchApp Watch App";
				WATCHOS_DEPLOYMENT_TARGET = 11.2;
			};
			name = Debug;
		};
		D07B3F3A2D5C27820015C7AA /* Release */ = {
			isa = XCBuildConfiguration;
			buildSettings = {
				BUNDLE_LOADER = "$(TEST_HOST)";
				CODE_SIGN_STYLE = Automatic;
				CURRENT_PROJECT_VERSION = 1;
				DEVELOPMENT_TEAM = 5YGLWU7828;
				GENERATE_INFOPLIST_FILE = YES;
				MARKETING_VERSION = 1.0;
				PRODUCT_BUNDLE_IDENTIFIER = "steven.studio.Temptime-WatchApp-Watch-AppTests";
				PRODUCT_NAME = "$(TARGET_NAME)";
				SDKROOT = watchos;
				SWIFT_EMIT_LOC_STRINGS = NO;
				SWIFT_VERSION = 5.0;
				TARGETED_DEVICE_FAMILY = 4;
				TEST_HOST = "$(BUILT_PRODUCTS_DIR)/Temptime WatchApp Watch App.app/$(BUNDLE_EXECUTABLE_FOLDER_PATH)/Temptime WatchApp Watch App";
				WATCHOS_DEPLOYMENT_TARGET = 11.2;
			};
			name = Release;
		};
		D07B3F3B2D5C27820015C7AA /* Debug */ = {
			isa = XCBuildConfiguration;
			buildSettings = {
				CODE_SIGN_STYLE = Automatic;
				CURRENT_PROJECT_VERSION = 1;
				DEVELOPMENT_TEAM = 5YGLWU7828;
				GENERATE_INFOPLIST_FILE = YES;
				MARKETING_VERSION = 1.0;
				PRODUCT_BUNDLE_IDENTIFIER = "steven.studio.Temptime-WatchApp-Watch-AppUITests";
				PRODUCT_NAME = "$(TARGET_NAME)";
				SDKROOT = watchos;
				SWIFT_EMIT_LOC_STRINGS = NO;
				SWIFT_VERSION = 5.0;
				TARGETED_DEVICE_FAMILY = 4;
				TEST_TARGET_NAME = "Temptime WatchApp Watch App";
				WATCHOS_DEPLOYMENT_TARGET = 11.2;
			};
			name = Debug;
		};
		D07B3F3C2D5C27820015C7AA /* Release */ = {
			isa = XCBuildConfiguration;
			buildSettings = {
				CODE_SIGN_STYLE = Automatic;
				CURRENT_PROJECT_VERSION = 1;
				DEVELOPMENT_TEAM = 5YGLWU7828;
				GENERATE_INFOPLIST_FILE = YES;
				MARKETING_VERSION = 1.0;
				PRODUCT_BUNDLE_IDENTIFIER = "steven.studio.Temptime-WatchApp-Watch-AppUITests";
				PRODUCT_NAME = "$(TARGET_NAME)";
				SDKROOT = watchos;
				SWIFT_EMIT_LOC_STRINGS = NO;
				SWIFT_VERSION = 5.0;
				TARGETED_DEVICE_FAMILY = 4;
				TEST_TARGET_NAME = "Temptime WatchApp Watch App";
				WATCHOS_DEPLOYMENT_TARGET = 11.2;
			};
			name = Release;
		};
		D0CDB8402D4CDC1700A65195 /* Debug */ = {
			isa = XCBuildConfiguration;
			baseConfigurationReference = DE7788E0F0898E4F32532019 /* Pods-Temptime.debug.xcconfig */;
			buildSettings = {
				ALLOW_TARGET_PLATFORM_SPECIALIZATION = YES;
				ASSETCATALOG_COMPILER_APPICON_NAME = AppIcon;
				ASSETCATALOG_COMPILER_GLOBAL_ACCENT_COLOR_NAME = AccentColor;
				CODE_SIGN_ENTITLEMENTS = Temptime/Temptime.entitlements;
				CODE_SIGN_STYLE = Automatic;
				CURRENT_PROJECT_VERSION = 1;
				DEVELOPMENT_TEAM = 5YGLWU7828;
				ENABLE_USER_SCRIPT_SANDBOXING = NO;
				GENERATE_INFOPLIST_FILE = YES;
				INFOPLIST_FILE = Temptime/Info.plist;
				INFOPLIST_KEY_UIApplicationSupportsIndirectInputEvents = YES;
				INFOPLIST_KEY_UILaunchStoryboardName = LaunchScreen;
				INFOPLIST_KEY_UIMainStoryboardFile = Main;
				INFOPLIST_KEY_UIStatusBarStyle = "";
				INFOPLIST_KEY_UISupportedInterfaceOrientations_iPad = "UIInterfaceOrientationPortrait UIInterfaceOrientationPortraitUpsideDown UIInterfaceOrientationLandscapeLeft UIInterfaceOrientationLandscapeRight";
				INFOPLIST_KEY_UISupportedInterfaceOrientations_iPhone = "UIInterfaceOrientationPortrait UIInterfaceOrientationLandscapeLeft UIInterfaceOrientationLandscapeRight";
				LD_RUNPATH_SEARCH_PATHS = (
					"$(inherited)",
					"@executable_path/Frameworks",
				);
				MARKETING_VERSION = 1.0;
				PRODUCT_BUNDLE_IDENTIFIER = steven.studio.Temptime;
				PRODUCT_NAME = "$(TARGET_NAME)";
				SWIFT_EMIT_LOC_STRINGS = YES;
				SWIFT_VERSION = 5.0;
				TARGETED_DEVICE_FAMILY = "1,2";
			};
			name = Debug;
		};
		D0CDB8412D4CDC1700A65195 /* Release */ = {
			isa = XCBuildConfiguration;
			baseConfigurationReference = DE5305606981D8B68E991FFA /* Pods-Temptime.release.xcconfig */;
			buildSettings = {
				ALLOW_TARGET_PLATFORM_SPECIALIZATION = YES;
				ASSETCATALOG_COMPILER_APPICON_NAME = AppIcon;
				ASSETCATALOG_COMPILER_GLOBAL_ACCENT_COLOR_NAME = AccentColor;
				CODE_SIGN_ENTITLEMENTS = Temptime/Temptime.entitlements;
				CODE_SIGN_STYLE = Automatic;
				CURRENT_PROJECT_VERSION = 1;
				DEVELOPMENT_TEAM = 5YGLWU7828;
				ENABLE_USER_SCRIPT_SANDBOXING = NO;
				GENERATE_INFOPLIST_FILE = YES;
				INFOPLIST_FILE = Temptime/Info.plist;
				INFOPLIST_KEY_UIApplicationSupportsIndirectInputEvents = YES;
				INFOPLIST_KEY_UILaunchStoryboardName = LaunchScreen;
				INFOPLIST_KEY_UIMainStoryboardFile = Main;
				INFOPLIST_KEY_UIStatusBarStyle = "";
				INFOPLIST_KEY_UISupportedInterfaceOrientations_iPad = "UIInterfaceOrientationPortrait UIInterfaceOrientationPortraitUpsideDown UIInterfaceOrientationLandscapeLeft UIInterfaceOrientationLandscapeRight";
				INFOPLIST_KEY_UISupportedInterfaceOrientations_iPhone = "UIInterfaceOrientationPortrait UIInterfaceOrientationLandscapeLeft UIInterfaceOrientationLandscapeRight";
				LD_RUNPATH_SEARCH_PATHS = (
					"$(inherited)",
					"@executable_path/Frameworks",
				);
				MARKETING_VERSION = 1.0;
				PRODUCT_BUNDLE_IDENTIFIER = steven.studio.Temptime;
				PRODUCT_NAME = "$(TARGET_NAME)";
				SWIFT_EMIT_LOC_STRINGS = YES;
				SWIFT_VERSION = 5.0;
				TARGETED_DEVICE_FAMILY = "1,2";
			};
			name = Release;
		};
		D0CDB8422D4CDC1700A65195 /* Debug */ = {
			isa = XCBuildConfiguration;
			buildSettings = {
				ALWAYS_SEARCH_USER_PATHS = NO;
				ASSETCATALOG_COMPILER_GENERATE_SWIFT_ASSET_SYMBOL_EXTENSIONS = YES;
				CLANG_ANALYZER_NONNULL = YES;
				CLANG_ANALYZER_NUMBER_OBJECT_CONVERSION = YES_AGGRESSIVE;
				CLANG_CXX_LANGUAGE_STANDARD = "gnu++20";
				CLANG_ENABLE_MODULES = YES;
				CLANG_ENABLE_OBJC_ARC = YES;
				CLANG_ENABLE_OBJC_WEAK = YES;
				CLANG_WARN_BLOCK_CAPTURE_AUTORELEASING = YES;
				CLANG_WARN_BOOL_CONVERSION = YES;
				CLANG_WARN_COMMA = YES;
				CLANG_WARN_CONSTANT_CONVERSION = YES;
				CLANG_WARN_DEPRECATED_OBJC_IMPLEMENTATIONS = YES;
				CLANG_WARN_DIRECT_OBJC_ISA_USAGE = YES_ERROR;
				CLANG_WARN_DOCUMENTATION_COMMENTS = YES;
				CLANG_WARN_EMPTY_BODY = YES;
				CLANG_WARN_ENUM_CONVERSION = YES;
				CLANG_WARN_INFINITE_RECURSION = YES;
				CLANG_WARN_INT_CONVERSION = YES;
				CLANG_WARN_NON_LITERAL_NULL_CONVERSION = YES;
				CLANG_WARN_OBJC_IMPLICIT_RETAIN_SELF = YES;
				CLANG_WARN_OBJC_LITERAL_CONVERSION = YES;
				CLANG_WARN_OBJC_ROOT_CLASS = YES_ERROR;
				CLANG_WARN_QUOTED_INCLUDE_IN_FRAMEWORK_HEADER = YES;
				CLANG_WARN_RANGE_LOOP_ANALYSIS = YES;
				CLANG_WARN_STRICT_PROTOTYPES = YES;
				CLANG_WARN_SUSPICIOUS_MOVE = YES;
				CLANG_WARN_UNGUARDED_AVAILABILITY = YES_AGGRESSIVE;
				CLANG_WARN_UNREACHABLE_CODE = YES;
				CLANG_WARN__DUPLICATE_METHOD_MATCH = YES;
				COPY_PHASE_STRIP = NO;
				DEBUG_INFORMATION_FORMAT = dwarf;
				ENABLE_STRICT_OBJC_MSGSEND = YES;
				ENABLE_TESTABILITY = YES;
				ENABLE_USER_SCRIPT_SANDBOXING = YES;
				GCC_C_LANGUAGE_STANDARD = gnu17;
				GCC_DYNAMIC_NO_PIC = NO;
				GCC_NO_COMMON_BLOCKS = YES;
				GCC_OPTIMIZATION_LEVEL = 0;
				GCC_PREPROCESSOR_DEFINITIONS = (
					"DEBUG=1",
					"$(inherited)",
				);
				GCC_WARN_64_TO_32_BIT_CONVERSION = YES;
				GCC_WARN_ABOUT_RETURN_TYPE = YES_ERROR;
				GCC_WARN_UNDECLARED_SELECTOR = YES;
				GCC_WARN_UNINITIALIZED_AUTOS = YES_AGGRESSIVE;
				GCC_WARN_UNUSED_FUNCTION = YES;
				GCC_WARN_UNUSED_VARIABLE = YES;
				IPHONEOS_DEPLOYMENT_TARGET = 18.2;
				LOCALIZATION_PREFERS_STRING_CATALOGS = YES;
				MTL_ENABLE_DEBUG_INFO = INCLUDE_SOURCE;
				MTL_FAST_MATH = YES;
				ONLY_ACTIVE_ARCH = YES;
				SDKROOT = iphoneos;
				SWIFT_ACTIVE_COMPILATION_CONDITIONS = "DEBUG $(inherited)";
				SWIFT_OPTIMIZATION_LEVEL = "-Onone";
			};
			name = Debug;
		};
		D0CDB8432D4CDC1700A65195 /* Release */ = {
			isa = XCBuildConfiguration;
			buildSettings = {
				ALWAYS_SEARCH_USER_PATHS = NO;
				ASSETCATALOG_COMPILER_GENERATE_SWIFT_ASSET_SYMBOL_EXTENSIONS = YES;
				CLANG_ANALYZER_NONNULL = YES;
				CLANG_ANALYZER_NUMBER_OBJECT_CONVERSION = YES_AGGRESSIVE;
				CLANG_CXX_LANGUAGE_STANDARD = "gnu++20";
				CLANG_ENABLE_MODULES = YES;
				CLANG_ENABLE_OBJC_ARC = YES;
				CLANG_ENABLE_OBJC_WEAK = YES;
				CLANG_WARN_BLOCK_CAPTURE_AUTORELEASING = YES;
				CLANG_WARN_BOOL_CONVERSION = YES;
				CLANG_WARN_COMMA = YES;
				CLANG_WARN_CONSTANT_CONVERSION = YES;
				CLANG_WARN_DEPRECATED_OBJC_IMPLEMENTATIONS = YES;
				CLANG_WARN_DIRECT_OBJC_ISA_USAGE = YES_ERROR;
				CLANG_WARN_DOCUMENTATION_COMMENTS = YES;
				CLANG_WARN_EMPTY_BODY = YES;
				CLANG_WARN_ENUM_CONVERSION = YES;
				CLANG_WARN_INFINITE_RECURSION = YES;
				CLANG_WARN_INT_CONVERSION = YES;
				CLANG_WARN_NON_LITERAL_NULL_CONVERSION = YES;
				CLANG_WARN_OBJC_IMPLICIT_RETAIN_SELF = YES;
				CLANG_WARN_OBJC_LITERAL_CONVERSION = YES;
				CLANG_WARN_OBJC_ROOT_CLASS = YES_ERROR;
				CLANG_WARN_QUOTED_INCLUDE_IN_FRAMEWORK_HEADER = YES;
				CLANG_WARN_RANGE_LOOP_ANALYSIS = YES;
				CLANG_WARN_STRICT_PROTOTYPES = YES;
				CLANG_WARN_SUSPICIOUS_MOVE = YES;
				CLANG_WARN_UNGUARDED_AVAILABILITY = YES_AGGRESSIVE;
				CLANG_WARN_UNREACHABLE_CODE = YES;
				CLANG_WARN__DUPLICATE_METHOD_MATCH = YES;
				COPY_PHASE_STRIP = NO;
				DEBUG_INFORMATION_FORMAT = "dwarf-with-dsym";
				ENABLE_NS_ASSERTIONS = NO;
				ENABLE_STRICT_OBJC_MSGSEND = YES;
				ENABLE_USER_SCRIPT_SANDBOXING = YES;
				GCC_C_LANGUAGE_STANDARD = gnu17;
				GCC_NO_COMMON_BLOCKS = YES;
				GCC_WARN_64_TO_32_BIT_CONVERSION = YES;
				GCC_WARN_ABOUT_RETURN_TYPE = YES_ERROR;
				GCC_WARN_UNDECLARED_SELECTOR = YES;
				GCC_WARN_UNINITIALIZED_AUTOS = YES_AGGRESSIVE;
				GCC_WARN_UNUSED_FUNCTION = YES;
				GCC_WARN_UNUSED_VARIABLE = YES;
				IPHONEOS_DEPLOYMENT_TARGET = 18.2;
				LOCALIZATION_PREFERS_STRING_CATALOGS = YES;
				MTL_ENABLE_DEBUG_INFO = NO;
				MTL_FAST_MATH = YES;
				SDKROOT = iphoneos;
				SWIFT_COMPILATION_MODE = wholemodule;
				VALIDATE_PRODUCT = YES;
			};
			name = Release;
		};
		D0CDB8452D4CDC1700A65195 /* Debug */ = {
			isa = XCBuildConfiguration;
			baseConfigurationReference = 34CCDCD63284E19D439AC604 /* Pods-TemptimeTests.debug.xcconfig */;
			buildSettings = {
				BUNDLE_LOADER = "$(TEST_HOST)";
				CODE_SIGN_STYLE = Automatic;
				CURRENT_PROJECT_VERSION = 1;
				DEVELOPMENT_TEAM = 5YGLWU7828;
				GENERATE_INFOPLIST_FILE = YES;
				IPHONEOS_DEPLOYMENT_TARGET = 18.2;
				MARKETING_VERSION = 1.0;
				PRODUCT_BUNDLE_IDENTIFIER = steven.studio.TemptimeTests;
				PRODUCT_NAME = "$(TARGET_NAME)";
				SWIFT_EMIT_LOC_STRINGS = NO;
				SWIFT_VERSION = 5.0;
				TARGETED_DEVICE_FAMILY = "1,2";
				TEST_HOST = "$(BUILT_PRODUCTS_DIR)/Temptime.app/$(BUNDLE_EXECUTABLE_FOLDER_PATH)/Temptime";
			};
			name = Debug;
		};
		D0CDB8462D4CDC1700A65195 /* Release */ = {
			isa = XCBuildConfiguration;
			baseConfigurationReference = C70A5E13D01C33158573188A /* Pods-TemptimeTests.release.xcconfig */;
			buildSettings = {
				BUNDLE_LOADER = "$(TEST_HOST)";
				CODE_SIGN_STYLE = Automatic;
				CURRENT_PROJECT_VERSION = 1;
				DEVELOPMENT_TEAM = 5YGLWU7828;
				GENERATE_INFOPLIST_FILE = YES;
				IPHONEOS_DEPLOYMENT_TARGET = 18.2;
				MARKETING_VERSION = 1.0;
				PRODUCT_BUNDLE_IDENTIFIER = steven.studio.TemptimeTests;
				PRODUCT_NAME = "$(TARGET_NAME)";
				SWIFT_EMIT_LOC_STRINGS = NO;
				SWIFT_VERSION = 5.0;
				TARGETED_DEVICE_FAMILY = "1,2";
				TEST_HOST = "$(BUILT_PRODUCTS_DIR)/Temptime.app/$(BUNDLE_EXECUTABLE_FOLDER_PATH)/Temptime";
			};
			name = Release;
		};
		D0CDB8482D4CDC1700A65195 /* Debug */ = {
			isa = XCBuildConfiguration;
			baseConfigurationReference = 687D5EAB08B3684DBCA7000C /* Pods-Temptime-TemptimeUITests.debug.xcconfig */;
			buildSettings = {
				CODE_SIGN_STYLE = Automatic;
				CURRENT_PROJECT_VERSION = 1;
				DEVELOPMENT_TEAM = 5YGLWU7828;
				GENERATE_INFOPLIST_FILE = YES;
				MARKETING_VERSION = 1.0;
				PRODUCT_BUNDLE_IDENTIFIER = steven.studio.TemptimeUITests;
				PRODUCT_NAME = "$(TARGET_NAME)";
				SWIFT_EMIT_LOC_STRINGS = NO;
				SWIFT_VERSION = 5.0;
				TARGETED_DEVICE_FAMILY = "1,2";
				TEST_TARGET_NAME = Temptime;
			};
			name = Debug;
		};
		D0CDB8492D4CDC1700A65195 /* Release */ = {
			isa = XCBuildConfiguration;
			baseConfigurationReference = AA351F2951B317C4D4BCB809 /* Pods-Temptime-TemptimeUITests.release.xcconfig */;
			buildSettings = {
				CODE_SIGN_STYLE = Automatic;
				CURRENT_PROJECT_VERSION = 1;
				DEVELOPMENT_TEAM = 5YGLWU7828;
				GENERATE_INFOPLIST_FILE = YES;
				MARKETING_VERSION = 1.0;
				PRODUCT_BUNDLE_IDENTIFIER = steven.studio.TemptimeUITests;
				PRODUCT_NAME = "$(TARGET_NAME)";
				SWIFT_EMIT_LOC_STRINGS = NO;
				SWIFT_VERSION = 5.0;
				TARGETED_DEVICE_FAMILY = "1,2";
				TEST_TARGET_NAME = Temptime;
			};
			name = Release;
		};
/* End XCBuildConfiguration section */

/* Begin XCConfigurationList section */
		D07B3F3D2D5C27820015C7AA /* Build configuration list for PBXNativeTarget "Temptime WatchApp Watch App" */ = {
			isa = XCConfigurationList;
			buildConfigurations = (
				D07B3F372D5C27820015C7AA /* Debug */,
				D07B3F382D5C27820015C7AA /* Release */,
			);
			defaultConfigurationIsVisible = 0;
			defaultConfigurationName = Release;
		};
		D07B3F3E2D5C27820015C7AA /* Build configuration list for PBXNativeTarget "Temptime WatchApp Watch AppTests" */ = {
			isa = XCConfigurationList;
			buildConfigurations = (
				D07B3F392D5C27820015C7AA /* Debug */,
				D07B3F3A2D5C27820015C7AA /* Release */,
			);
			defaultConfigurationIsVisible = 0;
			defaultConfigurationName = Release;
		};
		D07B3F3F2D5C27820015C7AA /* Build configuration list for PBXNativeTarget "Temptime WatchApp Watch AppUITests" */ = {
			isa = XCConfigurationList;
			buildConfigurations = (
				D07B3F3B2D5C27820015C7AA /* Debug */,
				D07B3F3C2D5C27820015C7AA /* Release */,
			);
			defaultConfigurationIsVisible = 0;
			defaultConfigurationName = Release;
		};
		D0CDB80E2D4CDC1600A65195 /* Build configuration list for PBXProject "Temptime" */ = {
			isa = XCConfigurationList;
			buildConfigurations = (
				D0CDB8422D4CDC1700A65195 /* Debug */,
				D0CDB8432D4CDC1700A65195 /* Release */,
			);
			defaultConfigurationIsVisible = 0;
			defaultConfigurationName = Release;
		};
		D0CDB83F2D4CDC1700A65195 /* Build configuration list for PBXNativeTarget "Temptime" */ = {
			isa = XCConfigurationList;
			buildConfigurations = (
				D0CDB8402D4CDC1700A65195 /* Debug */,
				D0CDB8412D4CDC1700A65195 /* Release */,
			);
			defaultConfigurationIsVisible = 0;
			defaultConfigurationName = Release;
		};
		D0CDB8442D4CDC1700A65195 /* Build configuration list for PBXNativeTarget "TemptimeTests" */ = {
			isa = XCConfigurationList;
			buildConfigurations = (
				D0CDB8452D4CDC1700A65195 /* Debug */,
				D0CDB8462D4CDC1700A65195 /* Release */,
			);
			defaultConfigurationIsVisible = 0;
			defaultConfigurationName = Release;
		};
		D0CDB8472D4CDC1700A65195 /* Build configuration list for PBXNativeTarget "TemptimeUITests" */ = {
			isa = XCConfigurationList;
			buildConfigurations = (
				D0CDB8482D4CDC1700A65195 /* Debug */,
				D0CDB8492D4CDC1700A65195 /* Release */,
			);
			defaultConfigurationIsVisible = 0;
			defaultConfigurationName = Release;
		};
/* End XCConfigurationList section */
	};
	rootObject = D0CDB80B2D4CDC1600A65195 /* Project object */;
}
